Microsoft Visual Studio Solution File, Format Version 12.00
# Visual Studio Version 17
VisualStudioVersion = 17.5.2.0
MinimumVisualStudioVersion = 10.0.40219.1
Project("{FAE04EC0-301F-11D3-BF4B-00C04F79EFBC}") = "Calculator_Automation_Sample", "Calculator_Automation_Sample.csproj", "{A561F07B-F739-48BA-C9B2-2113AE003820}"
EndProject
Global
	GlobalSection(SolutionConfigurationPlatforms) = preSolution
		Debug|Any CPU = Debug|Any CPU
		Release|Any CPU = Release|Any CPU
	EndGlobalSection
	GlobalSection(ProjectConfigurationPlatforms) = postSolution
		{A561F07B-F739-48BA-C9B2-2113AE003820}.Debug|Any CPU.ActiveCfg = Debug|Any CPU
		{A561F07B-F739-48BA-C9B2-2113AE003820}.Debug|Any CPU.Build.0 = Debug|Any CPU
		{A561F07B-F739-48BA-C9B2-2113AE003820}.Release|Any CPU.ActiveCfg = Release|Any CPU
		{A561F07B-F739-48BA-C9B2-2113AE003820}.Release|Any CPU.Build.0 = Release|Any CPU
	EndGlobalSection
	GlobalSection(SolutionProperties) = preSolution
		HideSolutionNode = FALSE
	EndGlobalSection
	GlobalSection(ExtensibilityGlobals) = postSolution
		SolutionGuid = {B3C82ECF-CD51-4AD5-BA0A-2453D40B2D11}
	EndGlobalSection
EndGlobal
